
Microsoft Visual Studio Solution File, Format Version 12.00
# Visual Studio Version 16
VisualStudioVersion = 16.0.33529.622
MinimumVisualStudioVersion = 10.0.40219.1
Project("{FAE04EC0-301F-11D3-BF4B-00C04F79EFBC}") = "UsaML2", "UsaML2\UsaML2.csproj", "{35632546-FF88-4FFF-A30B-79EC21AAF58C}"
EndProject
Project("{FAE04EC0-301F-11D3-BF4B-00C04F79EFBC}") = "WebAPI-ML", "WebAPI-ML\WebAPI-ML.csproj", "{589A0CAE-A8B2-4F3F-A2F1-FCBA5BBB99FD}"
EndProject
Global
	GlobalSection(SolutionConfigurationPlatforms) = preSolution
		Debug|Any CPU = Debug|Any CPU
		Release|Any CPU = Release|Any CPU
	EndGlobalSection
	GlobalSection(ProjectConfigurationPlatforms) = postSolution
		{35632546-FF88-4FFF-A30B-79EC21AAF58C}.Debug|Any CPU.ActiveCfg = Debug|Any CPU
		{35632546-FF88-4FFF-A30B-79EC21AAF58C}.Debug|Any CPU.Build.0 = Debug|Any CPU
		{35632546-FF88-4FFF-A30B-79EC21AAF58C}.Release|Any CPU.ActiveCfg = Release|Any CPU
		{35632546-FF88-4FFF-A30B-79EC21AAF58C}.Release|Any CPU.Build.0 = Release|Any CPU
		{589A0CAE-A8B2-4F3F-A2F1-FCBA5BBB99FD}.Debug|Any CPU.ActiveCfg = Debug|Any CPU
		{589A0CAE-A8B2-4F3F-A2F1-FCBA5BBB99FD}.Debug|Any CPU.Build.0 = Debug|Any CPU
		{589A0CAE-A8B2-4F3F-A2F1-FCBA5BBB99FD}.Release|Any CPU.ActiveCfg = Release|Any CPU
		{589A0CAE-A8B2-4F3F-A2F1-FCBA5BBB99FD}.Release|Any CPU.Build.0 = Release|Any CPU
	EndGlobalSection
	GlobalSection(SolutionProperties) = preSolution
		HideSolutionNode = FALSE
	EndGlobalSection
	GlobalSection(ExtensibilityGlobals) = postSolution
		SolutionGuid = {862C39DE-FE71-4C14-94B4-86C8A1422D92}
	EndGlobalSection
EndGlobal
